
Microsoft Visual Studio Solution File, Format Version 12.00
# Visual Studio 15
VisualStudioVersion = 15.0.28010.2019
MinimumVisualStudioVersion = 10.0.40219.1
Project("{9A19103F-16F7-4668-BE54-9A1E7A4F7556}") = "ravi.learn.idp.api", "ravi.learn.idp.api\ravi.learn.idp.api.csproj", "{F6B6A1A2-2322-4BE5-8998-F1CE0C16388F}"
EndProject
Project("{9A19103F-16F7-4668-BE54-9A1E7A4F7556}") = "ravi.learn.idp.model", "ravi.learn.idp.model\ravi.learn.idp.model.csproj", "{80E3349D-D1FD-481E-ADDE-FE1814EBE8FB}"
EndProject
Project("{9A19103F-16F7-4668-BE54-9A1E7A4F7556}") = "ravi.learn.idp.web", "ravi.learn.idp.web\ravi.learn.idp.web.csproj", "{C701221B-1F2C-4FB1-85FA-9D843B6F9D2B}"
EndProject
Project("{9A19103F-16F7-4668-BE54-9A1E7A4F7556}") = "ravi.learn.idp.sts", "ravi.learn.idp.sts\ravi.learn.idp.sts.csproj", "{A5C58538-6E42-4EDA-963E-59AB8759430B}"
EndProject
Project("{FAE04EC0-301F-11D3-BF4B-00C04F79EFBC}") = "ravi.learn.idp.console", "ravi.learn.idp.console\ravi.learn.idp.console.csproj", "{DACFEA01-A0F4-4FCB-8A4F-5ADE1AA45222}"
EndProject
Global
	GlobalSection(SolutionConfigurationPlatforms) = preSolution
		Debug|Any CPU = Debug|Any CPU
		Release|Any CPU = Release|Any CPU
	EndGlobalSection
	GlobalSection(ProjectConfigurationPlatforms) = postSolution
		{F6B6A1A2-2322-4BE5-8998-F1CE0C16388F}.Debug|Any CPU.ActiveCfg = Debug|Any CPU
		{F6B6A1A2-2322-4BE5-8998-F1CE0C16388F}.Debug|Any CPU.Build.0 = Debug|Any CPU
		{F6B6A1A2-2322-4BE5-8998-F1CE0C16388F}.Release|Any CPU.ActiveCfg = Release|Any CPU
		{F6B6A1A2-2322-4BE5-8998-F1CE0C16388F}.Release|Any CPU.Build.0 = Release|Any CPU
		{80E3349D-D1FD-481E-ADDE-FE1814EBE8FB}.Debug|Any CPU.ActiveCfg = Debug|Any CPU
		{80E3349D-D1FD-481E-ADDE-FE1814EBE8FB}.Debug|Any CPU.Build.0 = Debug|Any CPU
		{80E3349D-D1FD-481E-ADDE-FE1814EBE8FB}.Release|Any CPU.ActiveCfg = Release|Any CPU
		{80E3349D-D1FD-481E-ADDE-FE1814EBE8FB}.Release|Any CPU.Build.0 = Release|Any CPU
		{C701221B-1F2C-4FB1-85FA-9D843B6F9D2B}.Debug|Any CPU.ActiveCfg = Debug|Any CPU
		{C701221B-1F2C-4FB1-85FA-9D843B6F9D2B}.Debug|Any CPU.Build.0 = Debug|Any CPU
		{C701221B-1F2C-4FB1-85FA-9D843B6F9D2B}.Release|Any CPU.ActiveCfg = Release|Any CPU
		{C701221B-1F2C-4FB1-85FA-9D843B6F9D2B}.Release|Any CPU.Build.0 = Release|Any CPU
		{A5C58538-6E42-4EDA-963E-59AB8759430B}.Debug|Any CPU.ActiveCfg = Debug|Any CPU
		{A5C58538-6E42-4EDA-963E-59AB8759430B}.Debug|Any CPU.Build.0 = Debug|Any CPU
		{A5C58538-6E42-4EDA-963E-59AB8759430B}.Release|Any CPU.ActiveCfg = Release|Any CPU
		{A5C58538-6E42-4EDA-963E-59AB8759430B}.Release|Any CPU.Build.0 = Release|Any CPU
		{DACFEA01-A0F4-4FCB-8A4F-5ADE1AA45222}.Debug|Any CPU.ActiveCfg = Debug|Any CPU
		{DACFEA01-A0F4-4FCB-8A4F-5ADE1AA45222}.Debug|Any CPU.Build.0 = Debug|Any CPU
		{DACFEA01-A0F4-4FCB-8A4F-5ADE1AA45222}.Release|Any CPU.ActiveCfg = Release|Any CPU
		{DACFEA01-A0F4-4FCB-8A4F-5ADE1AA45222}.Release|Any CPU.Build.0 = Release|Any CPU
	EndGlobalSection
	GlobalSection(SolutionProperties) = preSolution
		HideSolutionNode = FALSE
	EndGlobalSection
	GlobalSection(ExtensibilityGlobals) = postSolution
		SolutionGuid = {4DDA3DC9-B9EB-4DE2-91C0-0389F552EBB8}
	EndGlobalSection
EndGlobal
